// !$*UTF8*$!
{
	archiveVersion = 1;
	classes = {
	};
	objectVersion = 52;
	objects = {

/* Begin PBXBuildFile section */
		97494E2E27082F3700278D20 /* API.swift in Sources */ = {isa = PBXBuildFile; fileRef = 97494E2D27082F3700278D20 /* API.swift */; };
		97494E3427089A2400278D20 /* schema.json in Resources */ = {isa = PBXBuildFile; fileRef = 97494E3327089A2400278D20 /* schema.json */; };
		97586B722708CB5A00BED658 /* Kingfisher in Frameworks */ = {isa = PBXBuildFile; productRef = 97586B712708CB5A00BED658 /* Kingfisher */; };
		97586B742708D82800BED658 /* Int+Extensions.swift in Sources */ = {isa = PBXBuildFile; fileRef = 97586B732708D82800BED658 /* Int+Extensions.swift */; };
		97586B762708D95100BED658 /* PokemonCellViewModel.swift in Sources */ = {isa = PBXBuildFile; fileRef = 97586B752708D95100BED658 /* PokemonCellViewModel.swift */; };
		97586B7F270910F900BED658 /* Apollo in Frameworks */ = {isa = PBXBuildFile; productRef = 97586B7E270910F900BED658 /* Apollo */; };
		97586B81270910F900BED658 /* ApolloSQLite in Frameworks */ = {isa = PBXBuildFile; productRef = 97586B80270910F900BED658 /* ApolloSQLite */; };
		97586B83270915C700BED658 /* NetworkInterceptorProvider.swift in Sources */ = {isa = PBXBuildFile; fileRef = 97586B82270915C700BED658 /* NetworkInterceptorProvider.swift */; };
		9770806E2708B06A00351AC1 /* SpinnerView.swift in Sources */ = {isa = PBXBuildFile; fileRef = 9770806D2708B06A00351AC1 /* SpinnerView.swift */; };
		977080742708B31A00351AC1 /* Localizable.strings in Resources */ = {isa = PBXBuildFile; fileRef = 977080762708B31A00351AC1 /* Localizable.strings */; };
		977080792708B4FD00351AC1 /* String+Extensions.swift in Sources */ = {isa = PBXBuildFile; fileRef = 977080782708B4FD00351AC1 /* String+Extensions.swift */; };
		9770807D2708C04700351AC1 /* Array+Extensions.swift in Sources */ = {isa = PBXBuildFile; fileRef = 9770807C2708C04700351AC1 /* Array+Extensions.swift */; };
		9770807F2708C33D00351AC1 /* PokemonCellView.swift in Sources */ = {isa = PBXBuildFile; fileRef = 9770807E2708C33D00351AC1 /* PokemonCellView.swift */; };
		9776F72F2707FF9C00DE194E /* RavnChallengeApp.swift in Sources */ = {isa = PBXBuildFile; fileRef = 9776F72E2707FF9C00DE194E /* RavnChallengeApp.swift */; };
		9776F7332707FF9D00DE194E /* Assets.xcassets in Resources */ = {isa = PBXBuildFile; fileRef = 9776F7322707FF9D00DE194E /* Assets.xcassets */; };
		9776F7362707FF9D00DE194E /* Preview Assets.xcassets in Resources */ = {isa = PBXBuildFile; fileRef = 9776F7352707FF9D00DE194E /* Preview Assets.xcassets */; };
		977916DA270822EA00B28FE6 /* Queries.graphql in Resources */ = {isa = PBXBuildFile; fileRef = 977916D6270822EA00B28FE6 /* Queries.graphql */; };
		977916DC270822EA00B28FE6 /* ApolloService.swift in Sources */ = {isa = PBXBuildFile; fileRef = 977916D8270822EA00B28FE6 /* ApolloService.swift */; };
		977916DF2708230000B28FE6 /* PokemonListView.swift in Sources */ = {isa = PBXBuildFile; fileRef = 977916DE2708230000B28FE6 /* PokemonListView.swift */; };
		977916E12708233200B28FE6 /* PokemonListViewModel.swift in Sources */ = {isa = PBXBuildFile; fileRef = 977916E02708233200B28FE6 /* PokemonListViewModel.swift */; };
		977916E32708235000B28FE6 /* PokemonService.swift in Sources */ = {isa = PBXBuildFile; fileRef = 977916E22708235000B28FE6 /* PokemonService.swift */; };
/* End PBXBuildFile section */

/* Begin PBXFileReference section */
		97494E2D27082F3700278D20 /* API.swift */ = {isa = PBXFileReference; fileEncoding = 4; lastKnownFileType = sourcecode.swift; path = API.swift; sourceTree = "<group>"; };
		97494E3327089A2400278D20 /* schema.json */ = {isa = PBXFileReference; fileEncoding = 4; lastKnownFileType = text.json; path = schema.json; sourceTree = "<group>"; };
		97586B732708D82800BED658 /* Int+Extensions.swift */ = {isa = PBXFileReference; lastKnownFileType = sourcecode.swift; path = "Int+Extensions.swift"; sourceTree = "<group>"; };
		97586B752708D95100BED658 /* PokemonCellViewModel.swift */ = {isa = PBXFileReference; lastKnownFileType = sourcecode.swift; path = PokemonCellViewModel.swift; sourceTree = "<group>"; };
		97586B82270915C700BED658 /* NetworkInterceptorProvider.swift */ = {isa = PBXFileReference; lastKnownFileType = sourcecode.swift; path = NetworkInterceptorProvider.swift; sourceTree = "<group>"; };
		9770806D2708B06A00351AC1 /* SpinnerView.swift */ = {isa = PBXFileReference; lastKnownFileType = sourcecode.swift; path = SpinnerView.swift; sourceTree = "<group>"; };
		977080752708B31A00351AC1 /* en */ = {isa = PBXFileReference; lastKnownFileType = text.plist.strings; name = en; path = en.lproj/Localizable.strings; sourceTree = "<group>"; };
		977080782708B4FD00351AC1 /* String+Extensions.swift */ = {isa = PBXFileReference; lastKnownFileType = sourcecode.swift; path = "String+Extensions.swift"; sourceTree = "<group>"; };
		9770807C2708C04700351AC1 /* Array+Extensions.swift */ = {isa = PBXFileReference; lastKnownFileType = sourcecode.swift; path = "Array+Extensions.swift"; sourceTree = "<group>"; };
		9770807E2708C33D00351AC1 /* PokemonCellView.swift */ = {isa = PBXFileReference; lastKnownFileType = sourcecode.swift; path = PokemonCellView.swift; sourceTree = "<group>"; };
		9776F72B2707FF9C00DE194E /* RavnChallenge.app */ = {isa = PBXFileReference; explicitFileType = wrapper.application; includeInIndex = 0; path = RavnChallenge.app; sourceTree = BUILT_PRODUCTS_DIR; };
		9776F72E2707FF9C00DE194E /* RavnChallengeApp.swift */ = {isa = PBXFileReference; lastKnownFileType = sourcecode.swift; path = RavnChallengeApp.swift; sourceTree = "<group>"; };
		9776F7322707FF9D00DE194E /* Assets.xcassets */ = {isa = PBXFileReference; lastKnownFileType = folder.assetcatalog; path = Assets.xcassets; sourceTree = "<group>"; };
		9776F7352707FF9D00DE194E /* Preview Assets.xcassets */ = {isa = PBXFileReference; lastKnownFileType = folder.assetcatalog; path = "Preview Assets.xcassets"; sourceTree = "<group>"; };
		9776F7372707FF9D00DE194E /* Info.plist */ = {isa = PBXFileReference; lastKnownFileType = text.plist.xml; path = Info.plist; sourceTree = "<group>"; };
		977916D6270822EA00B28FE6 /* Queries.graphql */ = {isa = PBXFileReference; fileEncoding = 4; lastKnownFileType = text; path = Queries.graphql; sourceTree = "<group>"; };
		977916D8270822EA00B28FE6 /* ApolloService.swift */ = {isa = PBXFileReference; fileEncoding = 4; lastKnownFileType = sourcecode.swift; path = ApolloService.swift; sourceTree = "<group>"; };
		977916DE2708230000B28FE6 /* PokemonListView.swift */ = {isa = PBXFileReference; fileEncoding = 4; lastKnownFileType = sourcecode.swift; path = PokemonListView.swift; sourceTree = "<group>"; };
		977916E02708233200B28FE6 /* PokemonListViewModel.swift */ = {isa = PBXFileReference; fileEncoding = 4; lastKnownFileType = sourcecode.swift; path = PokemonListViewModel.swift; sourceTree = "<group>"; };
		977916E22708235000B28FE6 /* PokemonService.swift */ = {isa = PBXFileReference; fileEncoding = 4; lastKnownFileType = sourcecode.swift; path = PokemonService.swift; sourceTree = "<group>"; };
/* End PBXFileReference section */

/* Begin PBXFrameworksBuildPhase section */
		9776F7282707FF9C00DE194E /* Frameworks */ = {
			isa = PBXFrameworksBuildPhase;
			buildActionMask = 2147483647;
			files = (
				97586B722708CB5A00BED658 /* Kingfisher in Frameworks */,
				97586B7F270910F900BED658 /* Apollo in Frameworks */,
				97586B81270910F900BED658 /* ApolloSQLite in Frameworks */,
			);
			runOnlyForDeploymentPostprocessing = 0;
		};
/* End PBXFrameworksBuildPhase section */

/* Begin PBXGroup section */
		97586B772709054000BED658 /* PokemonList */ = {
			isa = PBXGroup;
			children = (
				977916D32708228800B28FE6 /* Model */,
				977916D22708228000B28FE6 /* View */,
				977916D12708226E00B28FE6 /* ViewModel */,
			);
			path = PokemonList;
			sourceTree = "<group>";
		};
		9770806C2708B04F00351AC1 /* UI Components */ = {
			isa = PBXGroup;
			children = (
				9770806D2708B06A00351AC1 /* SpinnerView.swift */,
			);
			path = "UI Components";
			sourceTree = "<group>";
		};
		977080772708B4E800351AC1 /* Extensions */ = {
			isa = PBXGroup;
			children = (
				9770807C2708C04700351AC1 /* Array+Extensions.swift */,
				97586B732708D82800BED658 /* Int+Extensions.swift */,
				977080782708B4FD00351AC1 /* String+Extensions.swift */,
			);
			path = Extensions;
			sourceTree = "<group>";
		};
		9776F7222707FF9C00DE194E = {
			isa = PBXGroup;
			children = (
				9776F72D2707FF9C00DE194E /* RavnChallenge */,
				9776F72C2707FF9C00DE194E /* Products */,
			);
			sourceTree = "<group>";
		};
		9776F72C2707FF9C00DE194E /* Products */ = {
			isa = PBXGroup;
			children = (
				9776F72B2707FF9C00DE194E /* RavnChallenge.app */,
			);
			name = Products;
			sourceTree = "<group>";
		};
		9776F72D2707FF9C00DE194E /* RavnChallenge */ = {
			isa = PBXGroup;
			children = (
				9776F72E2707FF9C00DE194E /* RavnChallengeApp.swift */,
				977916CE2708223F00B28FE6 /* Modules */,
				977916CF2708224E00B28FE6 /* Network */,
				9776F7342707FF9D00DE194E /* Preview Content */,
				97AECAFE270802F70078A009 /* Resources */,
				977916CD2708222800B28FE6 /* Utilities */,
			);
			path = RavnChallenge;
			sourceTree = "<group>";
		};
		9776F7342707FF9D00DE194E /* Preview Content */ = {
			isa = PBXGroup;
			children = (
				9776F7352707FF9D00DE194E /* Preview Assets.xcassets */,
			);
			path = "Preview Content";
			sourceTree = "<group>";
		};
		977916CD2708222800B28FE6 /* Utilities */ = {
			isa = PBXGroup;
			children = (
				977080772708B4E800351AC1 /* Extensions */,
				9770806C2708B04F00351AC1 /* UI Components */,
			);
			path = Utilities;
			sourceTree = "<group>";
		};
		977916CE2708223F00B28FE6 /* Modules */ = {
			isa = PBXGroup;
			children = (
				977916D02708226300B28FE6 /* Pokemon */,
			);
			path = Modules;
			sourceTree = "<group>";
		};
		977916CF2708224E00B28FE6 /* Network */ = {
			isa = PBXGroup;
			children = (
				977916D5270822C600B28FE6 /* GraphQL */,
				977916D4270822BB00B28FE6 /* Services */,
			);
			path = Network;
			sourceTree = "<group>";
		};
		977916D02708226300B28FE6 /* Pokemon */ = {
			isa = PBXGroup;
			children = (
				97586B772709054000BED658 /* PokemonList */,
			);
			path = Pokemon;
			sourceTree = "<group>";
		};
		977916D12708226E00B28FE6 /* ViewModel */ = {
			isa = PBXGroup;
			children = (
				977916E02708233200B28FE6 /* PokemonListViewModel.swift */,
				97586B752708D95100BED658 /* PokemonCellViewModel.swift */,
			);
			path = ViewModel;
			sourceTree = "<group>";
		};
		977916D22708228000B28FE6 /* View */ = {
			isa = PBXGroup;
			children = (
				977916DE2708230000B28FE6 /* PokemonListView.swift */,
				9770807E2708C33D00351AC1 /* PokemonCellView.swift */,
			);
			path = View;
			sourceTree = "<group>";
		};
		977916D32708228800B28FE6 /* Model */ = {
			isa = PBXGroup;
			children = (
			);
			path = Model;
			sourceTree = "<group>";
		};
		977916D4270822BB00B28FE6 /* Services */ = {
			isa = PBXGroup;
			children = (
				977916D8270822EA00B28FE6 /* ApolloService.swift */,
				977916E22708235000B28FE6 /* PokemonService.swift */,
			);
			path = Services;
			sourceTree = "<group>";
		};
		977916D5270822C600B28FE6 /* GraphQL */ = {
			isa = PBXGroup;
			children = (
				97494E2D27082F3700278D20 /* API.swift */,
				97586B82270915C700BED658 /* NetworkInterceptorProvider.swift */,
				977916D6270822EA00B28FE6 /* Queries.graphql */,
				97494E3327089A2400278D20 /* schema.json */,
			);
			path = GraphQL;
			sourceTree = "<group>";
		};
		97AECAFE270802F70078A009 /* Resources */ = {
			isa = PBXGroup;
			children = (
				9776F7372707FF9D00DE194E /* Info.plist */,
				9776F7322707FF9D00DE194E /* Assets.xcassets */,
				977080762708B31A00351AC1 /* Localizable.strings */,
			);
			path = Resources;
			sourceTree = "<group>";
		};
/* End PBXGroup section */

/* Begin PBXNativeTarget section */
		9776F72A2707FF9C00DE194E /* RavnChallenge */ = {
			isa = PBXNativeTarget;
			buildConfigurationList = 9776F73A2707FF9D00DE194E /* Build configuration list for PBXNativeTarget "RavnChallenge" */;
			buildPhases = (
				97AECB0227080EC80078A009 /* Generate Apollo GraphQL API */,
				9776F7272707FF9C00DE194E /* Sources */,
				9776F7282707FF9C00DE194E /* Frameworks */,
				9776F7292707FF9C00DE194E /* Resources */,
			);
			buildRules = (
			);
			dependencies = (
			);
			name = RavnChallenge;
			packageProductDependencies = (
				97586B712708CB5A00BED658 /* Kingfisher */,
				97586B7E270910F900BED658 /* Apollo */,
				97586B80270910F900BED658 /* ApolloSQLite */,
			);
			productName = RavnChallenge;
			productReference = 9776F72B2707FF9C00DE194E /* RavnChallenge.app */;
			productType = "com.apple.product-type.application";
		};
/* End PBXNativeTarget section */

/* Begin PBXProject section */
		9776F7232707FF9C00DE194E /* Project object */ = {
			isa = PBXProject;
			attributes = {
				LastSwiftUpdateCheck = 1250;
				LastUpgradeCheck = 1250;
				TargetAttributes = {
					9776F72A2707FF9C00DE194E = {
						CreatedOnToolsVersion = 12.5.1;
					};
				};
			};
			buildConfigurationList = 9776F7262707FF9C00DE194E /* Build configuration list for PBXProject "RavnChallenge" */;
			compatibilityVersion = "Xcode 9.3";
			developmentRegion = en;
			hasScannedForEncodings = 0;
			knownRegions = (
				en,
				Base,
			);
			mainGroup = 9776F7222707FF9C00DE194E;
			packageReferences = (
				97586B702708CB5900BED658 /* XCRemoteSwiftPackageReference "Kingfisher" */,
				97586B7D270910F900BED658 /* XCRemoteSwiftPackageReference "apollo-ios" */,
			);
			productRefGroup = 9776F72C2707FF9C00DE194E /* Products */;
			projectDirPath = "";
			projectRoot = "";
			targets = (
				9776F72A2707FF9C00DE194E /* RavnChallenge */,
			);
		};
/* End PBXProject section */

/* Begin PBXResourcesBuildPhase section */
		9776F7292707FF9C00DE194E /* Resources */ = {
			isa = PBXResourcesBuildPhase;
			buildActionMask = 2147483647;
			files = (
				977080742708B31A00351AC1 /* Localizable.strings in Resources */,
				97494E3427089A2400278D20 /* schema.json in Resources */,
				977916DA270822EA00B28FE6 /* Queries.graphql in Resources */,
				9776F7362707FF9D00DE194E /* Preview Assets.xcassets in Resources */,
				9776F7332707FF9D00DE194E /* Assets.xcassets in Resources */,
			);
			runOnlyForDeploymentPostprocessing = 0;
		};
/* End PBXResourcesBuildPhase section */

/* Begin PBXShellScriptBuildPhase section */
		97AECB0227080EC80078A009 /* Generate Apollo GraphQL API */ = {
			isa = PBXShellScriptBuildPhase;
			buildActionMask = 2147483647;
			files = (
			);
			inputFileListPaths = (
			);
			inputPaths = (
			);
			name = "Generate Apollo GraphQL API";
			outputFileListPaths = (
			);
			outputPaths = (
			);
			runOnlyForDeploymentPostprocessing = 0;
			shellPath = /bin/sh;
			shellScript = "# Go to the build root and search up the chain to find the Derived Data Path where the source packages are checked out.\nDERIVED_DATA_CANDIDATE=\"${BUILD_ROOT}\"\n\nwhile ! [ -d \"${DERIVED_DATA_CANDIDATE}/SourcePackages\" ]; do\n  if [ \"${DERIVED_DATA_CANDIDATE}\" = / ]; then\n    echo >&2 \"error: Unable to locate SourcePackages directory from BUILD_ROOT: '${BUILD_ROOT}'\"\n    exit 1\n  fi\n\n  DERIVED_DATA_CANDIDATE=\"$(dirname \"${DERIVED_DATA_CANDIDATE}\")\"\ndone\n\n# Grab a reference to the directory where scripts are checked out\nSCRIPT_PATH=\"${DERIVED_DATA_CANDIDATE}/SourcePackages/checkouts/apollo-ios/scripts\"\n\nif [ -z \"${SCRIPT_PATH}\" ]; then\n    echo >&2 \"error: Couldn't find the CLI script in your checked out SPM packages; make sure to add the framework to your project.\"\n    exit 1\nfi\n\ncd \"${SRCROOT}/${TARGET_NAME}\"\n\"${SCRIPT_PATH}\"/run-bundled-codegen.sh codegen:generate --target=swift --includes=./**/*.graphql --localSchemaFile=\"Network/GraphQL/schema.json\" ./Network/GraphQL/API.swift\n";
		};
/* End PBXShellScriptBuildPhase section */

/* Begin PBXSourcesBuildPhase section */
		9776F7272707FF9C00DE194E /* Sources */ = {
			isa = PBXSourcesBuildPhase;
			buildActionMask = 2147483647;
			files = (
				977916DF2708230000B28FE6 /* PokemonListView.swift in Sources */,
				9770807D2708C04700351AC1 /* Array+Extensions.swift in Sources */,
				9776F72F2707FF9C00DE194E /* RavnChallengeApp.swift in Sources */,
				977916E12708233200B28FE6 /* PokemonListViewModel.swift in Sources */,
				977916DC270822EA00B28FE6 /* ApolloService.swift in Sources */,
				977080792708B4FD00351AC1 /* String+Extensions.swift in Sources */,
				97586B762708D95100BED658 /* PokemonCellViewModel.swift in Sources */,
				9770807F2708C33D00351AC1 /* PokemonCellView.swift in Sources */,
				97586B83270915C700BED658 /* NetworkInterceptorProvider.swift in Sources */,
				97586B742708D82800BED658 /* Int+Extensions.swift in Sources */,
				97494E2E27082F3700278D20 /* API.swift in Sources */,
				977916E32708235000B28FE6 /* PokemonService.swift in Sources */,
				9770806E2708B06A00351AC1 /* SpinnerView.swift in Sources */,
			);
			runOnlyForDeploymentPostprocessing = 0;
		};
/* End PBXSourcesBuildPhase section */

/* Begin PBXVariantGroup section */
		977080762708B31A00351AC1 /* Localizable.strings */ = {
			isa = PBXVariantGroup;
			children = (
				977080752708B31A00351AC1 /* en */,
			);
			name = Localizable.strings;
			sourceTree = "<group>";
		};
/* End PBXVariantGroup section */

/* Begin XCBuildConfiguration section */
		9776F7382707FF9D00DE194E /* Debug */ = {
			isa = XCBuildConfiguration;
			buildSettings = {
				ALWAYS_SEARCH_USER_PATHS = NO;
				CLANG_ANALYZER_NONNULL = YES;
				CLANG_ANALYZER_NUMBER_OBJECT_CONVERSION = YES_AGGRESSIVE;
				CLANG_CXX_LANGUAGE_STANDARD = "gnu++14";
				CLANG_CXX_LIBRARY = "libc++";
				CLANG_ENABLE_MODULES = YES;
				CLANG_ENABLE_OBJC_ARC = YES;
				CLANG_ENABLE_OBJC_WEAK = YES;
				CLANG_WARN_BLOCK_CAPTURE_AUTORELEASING = YES;
				CLANG_WARN_BOOL_CONVERSION = YES;
				CLANG_WARN_COMMA = YES;
				CLANG_WARN_CONSTANT_CONVERSION = YES;
				CLANG_WARN_DEPRECATED_OBJC_IMPLEMENTATIONS = YES;
				CLANG_WARN_DIRECT_OBJC_ISA_USAGE = YES_ERROR;
				CLANG_WARN_DOCUMENTATION_COMMENTS = YES;
				CLANG_WARN_EMPTY_BODY = YES;
				CLANG_WARN_ENUM_CONVERSION = YES;
				CLANG_WARN_INFINITE_RECURSION = YES;
				CLANG_WARN_INT_CONVERSION = YES;
				CLANG_WARN_NON_LITERAL_NULL_CONVERSION = YES;
				CLANG_WARN_OBJC_IMPLICIT_RETAIN_SELF = YES;
				CLANG_WARN_OBJC_LITERAL_CONVERSION = YES;
				CLANG_WARN_OBJC_ROOT_CLASS = YES_ERROR;
				CLANG_WARN_QUOTED_INCLUDE_IN_FRAMEWORK_HEADER = YES;
				CLANG_WARN_RANGE_LOOP_ANALYSIS = YES;
				CLANG_WARN_STRICT_PROTOTYPES = YES;
				CLANG_WARN_SUSPICIOUS_MOVE = YES;
				CLANG_WARN_UNGUARDED_AVAILABILITY = YES_AGGRESSIVE;
				CLANG_WARN_UNREACHABLE_CODE = YES;
				CLANG_WARN__DUPLICATE_METHOD_MATCH = YES;
				COPY_PHASE_STRIP = NO;
				DEBUG_INFORMATION_FORMAT = dwarf;
				ENABLE_STRICT_OBJC_MSGSEND = YES;
				ENABLE_TESTABILITY = YES;
				GCC_C_LANGUAGE_STANDARD = gnu11;
				GCC_DYNAMIC_NO_PIC = NO;
				GCC_NO_COMMON_BLOCKS = YES;
				GCC_OPTIMIZATION_LEVEL = 0;
				GCC_PREPROCESSOR_DEFINITIONS = (
					"DEBUG=1",
					"$(inherited)",
				);
				GCC_WARN_64_TO_32_BIT_CONVERSION = YES;
				GCC_WARN_ABOUT_RETURN_TYPE = YES_ERROR;
				GCC_WARN_UNDECLARED_SELECTOR = YES;
				GCC_WARN_UNINITIALIZED_AUTOS = YES_AGGRESSIVE;
				GCC_WARN_UNUSED_FUNCTION = YES;
				GCC_WARN_UNUSED_VARIABLE = YES;
				IPHONEOS_DEPLOYMENT_TARGET = 14.5;
				MTL_ENABLE_DEBUG_INFO = INCLUDE_SOURCE;
				MTL_FAST_MATH = YES;
				ONLY_ACTIVE_ARCH = YES;
				SDKROOT = iphoneos;
				SWIFT_ACTIVE_COMPILATION_CONDITIONS = DEBUG;
				SWIFT_OPTIMIZATION_LEVEL = "-Onone";
			};
			name = Debug;
		};
		9776F7392707FF9D00DE194E /* Release */ = {
			isa = XCBuildConfiguration;
			buildSettings = {
				ALWAYS_SEARCH_USER_PATHS = NO;
				CLANG_ANALYZER_NONNULL = YES;
				CLANG_ANALYZER_NUMBER_OBJECT_CONVERSION = YES_AGGRESSIVE;
				CLANG_CXX_LANGUAGE_STANDARD = "gnu++14";
				CLANG_CXX_LIBRARY = "libc++";
				CLANG_ENABLE_MODULES = YES;
				CLANG_ENABLE_OBJC_ARC = YES;
				CLANG_ENABLE_OBJC_WEAK = YES;
				CLANG_WARN_BLOCK_CAPTURE_AUTORELEASING = YES;
				CLANG_WARN_BOOL_CONVERSION = YES;
				CLANG_WARN_COMMA = YES;
				CLANG_WARN_CONSTANT_CONVERSION = YES;
				CLANG_WARN_DEPRECATED_OBJC_IMPLEMENTATIONS = YES;
				CLANG_WARN_DIRECT_OBJC_ISA_USAGE = YES_ERROR;
				CLANG_WARN_DOCUMENTATION_COMMENTS = YES;
				CLANG_WARN_EMPTY_BODY = YES;
				CLANG_WARN_ENUM_CONVERSION = YES;
				CLANG_WARN_INFINITE_RECURSION = YES;
				CLANG_WARN_INT_CONVERSION = YES;
				CLANG_WARN_NON_LITERAL_NULL_CONVERSION = YES;
				CLANG_WARN_OBJC_IMPLICIT_RETAIN_SELF = YES;
				CLANG_WARN_OBJC_LITERAL_CONVERSION = YES;
				CLANG_WARN_OBJC_ROOT_CLASS = YES_ERROR;
				CLANG_WARN_QUOTED_INCLUDE_IN_FRAMEWORK_HEADER = YES;
				CLANG_WARN_RANGE_LOOP_ANALYSIS = YES;
				CLANG_WARN_STRICT_PROTOTYPES = YES;
				CLANG_WARN_SUSPICIOUS_MOVE = YES;
				CLANG_WARN_UNGUARDED_AVAILABILITY = YES_AGGRESSIVE;
				CLANG_WARN_UNREACHABLE_CODE = YES;
				CLANG_WARN__DUPLICATE_METHOD_MATCH = YES;
				COPY_PHASE_STRIP = NO;
				DEBUG_INFORMATION_FORMAT = "dwarf-with-dsym";
				ENABLE_NS_ASSERTIONS = NO;
				ENABLE_STRICT_OBJC_MSGSEND = YES;
				GCC_C_LANGUAGE_STANDARD = gnu11;
				GCC_NO_COMMON_BLOCKS = YES;
				GCC_WARN_64_TO_32_BIT_CONVERSION = YES;
				GCC_WARN_ABOUT_RETURN_TYPE = YES_ERROR;
				GCC_WARN_UNDECLARED_SELECTOR = YES;
				GCC_WARN_UNINITIALIZED_AUTOS = YES_AGGRESSIVE;
				GCC_WARN_UNUSED_FUNCTION = YES;
				GCC_WARN_UNUSED_VARIABLE = YES;
				IPHONEOS_DEPLOYMENT_TARGET = 14.5;
				MTL_ENABLE_DEBUG_INFO = NO;
				MTL_FAST_MATH = YES;
				SDKROOT = iphoneos;
				SWIFT_COMPILATION_MODE = wholemodule;
				SWIFT_OPTIMIZATION_LEVEL = "-O";
				VALIDATE_PRODUCT = YES;
			};
			name = Release;
		};
		9776F73B2707FF9D00DE194E /* Debug */ = {
			isa = XCBuildConfiguration;
			buildSettings = {
				ASSETCATALOG_COMPILER_APPICON_NAME = AppIcon;
				ASSETCATALOG_COMPILER_GLOBAL_ACCENT_COLOR_NAME = AccentColor;
				CODE_SIGN_STYLE = Automatic;
				DEVELOPMENT_ASSET_PATHS = "\"RavnChallenge/Preview Content\"";
				DEVELOPMENT_TEAM = 3DHF399XH3;
				ENABLE_PREVIEWS = YES;
				INFOPLIST_FILE = RavnChallenge/Resources/Info.plist;
				IPHONEOS_DEPLOYMENT_TARGET = 15.0;
				LD_RUNPATH_SEARCH_PATHS = (
					"$(inherited)",
					"@executable_path/Frameworks",
				);
				PRODUCT_BUNDLE_IDENTIFIER = com.RavnChallenge;
				PRODUCT_NAME = "$(TARGET_NAME)";
				SWIFT_VERSION = 5.0;
				TARGETED_DEVICE_FAMILY = "1,2";
			};
			name = Debug;
		};
		9776F73C2707FF9D00DE194E /* Release */ = {
			isa = XCBuildConfiguration;
			buildSettings = {
				ASSETCATALOG_COMPILER_APPICON_NAME = AppIcon;
				ASSETCATALOG_COMPILER_GLOBAL_ACCENT_COLOR_NAME = AccentColor;
				CODE_SIGN_STYLE = Automatic;
				DEVELOPMENT_ASSET_PATHS = "\"RavnChallenge/Preview Content\"";
				DEVELOPMENT_TEAM = 3DHF399XH3;
				ENABLE_PREVIEWS = YES;
				INFOPLIST_FILE = RavnChallenge/Resources/Info.plist;
				IPHONEOS_DEPLOYMENT_TARGET = 15.0;
				LD_RUNPATH_SEARCH_PATHS = (
					"$(inherited)",
					"@executable_path/Frameworks",
				);
				PRODUCT_BUNDLE_IDENTIFIER = com.RavnChallenge;
				PRODUCT_NAME = "$(TARGET_NAME)";
				SWIFT_VERSION = 5.0;
				TARGETED_DEVICE_FAMILY = "1,2";
			};
			name = Release;
		};
/* End XCBuildConfiguration section */

/* Begin XCConfigurationList section */
		9776F7262707FF9C00DE194E /* Build configuration list for PBXProject "RavnChallenge" */ = {
			isa = XCConfigurationList;
			buildConfigurations = (
				9776F7382707FF9D00DE194E /* Debug */,
				9776F7392707FF9D00DE194E /* Release */,
			);
			defaultConfigurationIsVisible = 0;
			defaultConfigurationName = Release;
		};
		9776F73A2707FF9D00DE194E /* Build configuration list for PBXNativeTarget "RavnChallenge" */ = {
			isa = XCConfigurationList;
			buildConfigurations = (
				9776F73B2707FF9D00DE194E /* Debug */,
				9776F73C2707FF9D00DE194E /* Release */,
			);
			defaultConfigurationIsVisible = 0;
			defaultConfigurationName = Release;
		};
/* End XCConfigurationList section */

/* Begin XCRemoteSwiftPackageReference section */
		97586B702708CB5900BED658 /* XCRemoteSwiftPackageReference "Kingfisher" */ = {
			isa = XCRemoteSwiftPackageReference;
			repositoryURL = "https://github.com/onevcat/Kingfisher.git";
			requirement = {
				kind = upToNextMajorVersion;
				minimumVersion = 7.0.0;
			};
		};
		97586B7D270910F900BED658 /* XCRemoteSwiftPackageReference "apollo-ios" */ = {
			isa = XCRemoteSwiftPackageReference;
			repositoryURL = "https://github.com/apollographql/apollo-ios.git";
			requirement = {
				kind = upToNextMajorVersion;
				minimumVersion = 0.3.0;
			};
		};
/* End XCRemoteSwiftPackageReference section */

/* Begin XCSwiftPackageProductDependency section */
		97586B712708CB5A00BED658 /* Kingfisher */ = {
			isa = XCSwiftPackageProductDependency;
			package = 97586B702708CB5900BED658 /* XCRemoteSwiftPackageReference "Kingfisher" */;
			productName = Kingfisher;
		};
		97586B7E270910F900BED658 /* Apollo */ = {
			isa = XCSwiftPackageProductDependency;
			package = 97586B7D270910F900BED658 /* XCRemoteSwiftPackageReference "apollo-ios" */;
			productName = Apollo;
		};
		97586B80270910F900BED658 /* ApolloSQLite */ = {
			isa = XCSwiftPackageProductDependency;
			package = 97586B7D270910F900BED658 /* XCRemoteSwiftPackageReference "apollo-ios" */;
			productName = ApolloSQLite;
		};
/* End XCSwiftPackageProductDependency section */
	};
	rootObject = 9776F7232707FF9C00DE194E /* Project object */;
}
